
Microsoft Visual Studio Solution File, Format Version 12.00
# Visual Studio Version 17
VisualStudioVersion = 17.0.31903.59
MinimumVisualStudioVersion = 10.0.40219.1
Project("{2150E333-8FDC-42A3-9474-1A3956D46DE8}") = "backend", "backend", "{1AE8ACA6-933B-BF2A-3671-3E2EAC007D16}"
EndProject
Project("{FAE04EC0-301F-11D3-BF4B-00C04F79EFBC}") = "Theatre.Api", "backend\Theatre.Api.csproj", "{3D58E18B-25D8-4763-96BA-4A540DC5AE2F}"
EndProject
Project("{2150E333-8FDC-42A3-9474-1A3956D46DE8}") = "backend.Tests", "backend.Tests", "{C0C6E044-CB20-653A-D6C2-4CA8FE87111B}"
EndProject
Project("{FAE04EC0-301F-11D3-BF4B-00C04F79EFBC}") = "Theatre.Api.Tests", "backend.Tests\Theatre.Api.Tests.csproj", "{28466923-9E17-408B-8E48-28C5746D73C9}"
EndProject
Global
	GlobalSection(SolutionConfigurationPlatforms) = preSolution
		Debug|Any CPU = Debug|Any CPU
		Debug|x64 = Debug|x64
		Debug|x86 = Debug|x86
		Release|Any CPU = Release|Any CPU
		Release|x64 = Release|x64
		Release|x86 = Release|x86
	EndGlobalSection
	GlobalSection(ProjectConfigurationPlatforms) = postSolution
		{3D58E18B-25D8-4763-96BA-4A540DC5AE2F}.Debug|Any CPU.ActiveCfg = Debug|Any CPU
		{3D58E18B-25D8-4763-96BA-4A540DC5AE2F}.Debug|Any CPU.Build.0 = Debug|Any CPU
		{3D58E18B-25D8-4763-96BA-4A540DC5AE2F}.Debug|x64.ActiveCfg = Debug|Any CPU
		{3D58E18B-25D8-4763-96BA-4A540DC5AE2F}.Debug|x64.Build.0 = Debug|Any CPU
		{3D58E18B-25D8-4763-96BA-4A540DC5AE2F}.Debug|x86.ActiveCfg = Debug|Any CPU
		{3D58E18B-25D8-4763-96BA-4A540DC5AE2F}.Debug|x86.Build.0 = Debug|Any CPU
		{3D58E18B-25D8-4763-96BA-4A540DC5AE2F}.Release|Any CPU.ActiveCfg = Release|Any CPU
		{3D58E18B-25D8-4763-96BA-4A540DC5AE2F}.Release|Any CPU.Build.0 = Release|Any CPU
		{3D58E18B-25D8-4763-96BA-4A540DC5AE2F}.Release|x64.ActiveCfg = Release|Any CPU
		{3D58E18B-25D8-4763-96BA-4A540DC5AE2F}.Release|x64.Build.0 = Release|Any CPU
		{3D58E18B-25D8-4763-96BA-4A540DC5AE2F}.Release|x86.ActiveCfg = Release|Any CPU
		{3D58E18B-25D8-4763-96BA-4A540DC5AE2F}.Release|x86.Build.0 = Release|Any CPU
		{28466923-9E17-408B-8E48-28C5746D73C9}.Debug|Any CPU.ActiveCfg = Debug|Any CPU
		{28466923-9E17-408B-8E48-28C5746D73C9}.Debug|Any CPU.Build.0 = Debug|Any CPU
		{28466923-9E17-408B-8E48-28C5746D73C9}.Debug|x64.ActiveCfg = Debug|Any CPU
		{28466923-9E17-408B-8E48-28C5746D73C9}.Debug|x64.Build.0 = Debug|Any CPU
		{28466923-9E17-408B-8E48-28C5746D73C9}.Debug|x86.ActiveCfg = Debug|Any CPU
		{28466923-9E17-408B-8E48-28C5746D73C9}.Debug|x86.Build.0 = Debug|Any CPU
		{28466923-9E17-408B-8E48-28C5746D73C9}.Release|Any CPU.ActiveCfg = Release|Any CPU
		{28466923-9E17-408B-8E48-28C5746D73C9}.Release|Any CPU.Build.0 = Release|Any CPU
		{28466923-9E17-408B-8E48-28C5746D73C9}.Release|x64.ActiveCfg = Release|Any CPU
		{28466923-9E17-408B-8E48-28C5746D73C9}.Release|x64.Build.0 = Release|Any CPU
		{28466923-9E17-408B-8E48-28C5746D73C9}.Release|x86.ActiveCfg = Release|Any CPU
		{28466923-9E17-408B-8E48-28C5746D73C9}.Release|x86.Build.0 = Release|Any CPU
	EndGlobalSection
	GlobalSection(SolutionProperties) = preSolution
		HideSolutionNode = FALSE
	EndGlobalSection
	GlobalSection(NestedProjects) = preSolution
		{3D58E18B-25D8-4763-96BA-4A540DC5AE2F} = {1AE8ACA6-933B-BF2A-3671-3E2EAC007D16}
		{28466923-9E17-408B-8E48-28C5746D73C9} = {C0C6E044-CB20-653A-D6C2-4CA8FE87111B}
	EndGlobalSection
EndGlobal
